
Microsoft Visual Studio Solution File, Format Version 12.00
# Visual Studio Version 17
VisualStudioVersion = 17.10.34818.151
MinimumVisualStudioVersion = 10.0.40219.1
Project("{9A19103F-16F7-4668-BE54-9A1E7A4F7556}") = "FlipSwitch", "src\FlipSwitch\FlipSwitch.csproj", "{7162EAB2-0AA2-4908-9E3E-9C4977C0202D}"
EndProject
Project("{9A19103F-16F7-4668-BE54-9A1E7A4F7556}") = "FlipSwitch.Web", "src\FlipSwitch.Web\FlipSwitch.Web.csproj", "{0C63EE1F-B693-4713-8F61-52F3D3B80745}"
EndProject
Project("{9A19103F-16F7-4668-BE54-9A1E7A4F7556}") = "FlipSwitch.Common", "src\FlipSwitch.Common\FlipSwitch.Common.csproj", "{8831267D-0C7B-4E7A-AB02-2AD2B96F56F0}"
EndProject
Project("{2150E333-8FDC-42A3-9474-1A3956D46DE8}") = "Samples", "Samples", "{82DB0D27-5251-4C6F-92EE-48E5A22DAB9F}"
EndProject
Project("{9A19103F-16F7-4668-BE54-9A1E7A4F7556}") = "SimpleConsole", "samples\SimpleConsole\SimpleConsole.csproj", "{BA14A4EB-CA9B-4A93-96A4-FD6ED58F2482}"
EndProject
Project("{9A19103F-16F7-4668-BE54-9A1E7A4F7556}") = "SimpleWebApplication", "samples\SimpleWebApplication\SimpleWebApplication.csproj", "{4BFE060E-7BFA-4727-8DAA-92DAC718AD95}"
EndProject
Project("{2150E333-8FDC-42A3-9474-1A3956D46DE8}") = "Files", "Files", "{EBF0DEF4-DC58-4A2B-8AE8-C8DA91E00BB8}"
	ProjectSection(SolutionItems) = preProject
		docker-compose.yaml = docker-compose.yaml
		Makefile = Makefile
		README.md = README.md
	EndProjectSection
EndProject
Project("{9A19103F-16F7-4668-BE54-9A1E7A4F7556}") = "FlipSwitch.Memory", "FlipSwitch.Memory\FlipSwitch.Memory.csproj", "{E34B3C19-CADA-4868-8D0B-4B504E40787F}"
EndProject
Project("{9A19103F-16F7-4668-BE54-9A1E7A4F7556}") = "FlipSwitch.AppHost", "FlipSwitch.AppHost\FlipSwitch.AppHost.csproj", "{CC219F1E-8A63-44F5-B6D2-FE193169151C}"
EndProject
Project("{9A19103F-16F7-4668-BE54-9A1E7A4F7556}") = "FlipSwitch.ServiceDefaults", "FlipSwitch.ServiceDefaults\FlipSwitch.ServiceDefaults.csproj", "{327AB99B-60E5-46A2-97BE-3203C2780308}"
EndProject
Project("{9A19103F-16F7-4668-BE54-9A1E7A4F7556}") = "FlipSwitch.MigrationsService", "FlipSwitch.MigrationsService\FlipSwitch.MigrationsService.csproj", "{4D5D0C34-B4EA-4BE9-943B-11C501F9A072}"
EndProject
Project("{2150E333-8FDC-42A3-9474-1A3956D46DE8}") = "Aspire", "Aspire", "{F6E7BDAA-9E64-4FB6-AC3C-7DB388D5C2DA}"
EndProject
Project("{FAE04EC0-301F-11D3-BF4B-00C04F79EFBC}") = "FlipSwitch.SignalR", "FlipSwitch.SignalR\FlipSwitch.SignalR.csproj", "{488D68EC-790B-4376-988A-8EAE29F15807}"
EndProject
Global
	GlobalSection(SolutionConfigurationPlatforms) = preSolution
		Debug|Any CPU = Debug|Any CPU
		Release|Any CPU = Release|Any CPU
	EndGlobalSection
	GlobalSection(ProjectConfigurationPlatforms) = postSolution
		{7162EAB2-0AA2-4908-9E3E-9C4977C0202D}.Debug|Any CPU.ActiveCfg = Debug|Any CPU
		{7162EAB2-0AA2-4908-9E3E-9C4977C0202D}.Debug|Any CPU.Build.0 = Debug|Any CPU
		{7162EAB2-0AA2-4908-9E3E-9C4977C0202D}.Release|Any CPU.ActiveCfg = Release|Any CPU
		{7162EAB2-0AA2-4908-9E3E-9C4977C0202D}.Release|Any CPU.Build.0 = Release|Any CPU
		{0C63EE1F-B693-4713-8F61-52F3D3B80745}.Debug|Any CPU.ActiveCfg = Debug|Any CPU
		{0C63EE1F-B693-4713-8F61-52F3D3B80745}.Debug|Any CPU.Build.0 = Debug|Any CPU
		{0C63EE1F-B693-4713-8F61-52F3D3B80745}.Release|Any CPU.ActiveCfg = Release|Any CPU
		{0C63EE1F-B693-4713-8F61-52F3D3B80745}.Release|Any CPU.Build.0 = Release|Any CPU
		{8831267D-0C7B-4E7A-AB02-2AD2B96F56F0}.Debug|Any CPU.ActiveCfg = Debug|Any CPU
		{8831267D-0C7B-4E7A-AB02-2AD2B96F56F0}.Debug|Any CPU.Build.0 = Debug|Any CPU
		{8831267D-0C7B-4E7A-AB02-2AD2B96F56F0}.Release|Any CPU.ActiveCfg = Release|Any CPU
		{8831267D-0C7B-4E7A-AB02-2AD2B96F56F0}.Release|Any CPU.Build.0 = Release|Any CPU
		{BA14A4EB-CA9B-4A93-96A4-FD6ED58F2482}.Debug|Any CPU.ActiveCfg = Debug|Any CPU
		{BA14A4EB-CA9B-4A93-96A4-FD6ED58F2482}.Debug|Any CPU.Build.0 = Debug|Any CPU
		{BA14A4EB-CA9B-4A93-96A4-FD6ED58F2482}.Release|Any CPU.ActiveCfg = Release|Any CPU
		{BA14A4EB-CA9B-4A93-96A4-FD6ED58F2482}.Release|Any CPU.Build.0 = Release|Any CPU
		{4BFE060E-7BFA-4727-8DAA-92DAC718AD95}.Debug|Any CPU.ActiveCfg = Debug|Any CPU
		{4BFE060E-7BFA-4727-8DAA-92DAC718AD95}.Debug|Any CPU.Build.0 = Debug|Any CPU
		{4BFE060E-7BFA-4727-8DAA-92DAC718AD95}.Release|Any CPU.ActiveCfg = Release|Any CPU
		{4BFE060E-7BFA-4727-8DAA-92DAC718AD95}.Release|Any CPU.Build.0 = Release|Any CPU
		{E34B3C19-CADA-4868-8D0B-4B504E40787F}.Debug|Any CPU.ActiveCfg = Debug|Any CPU
		{E34B3C19-CADA-4868-8D0B-4B504E40787F}.Debug|Any CPU.Build.0 = Debug|Any CPU
		{E34B3C19-CADA-4868-8D0B-4B504E40787F}.Release|Any CPU.ActiveCfg = Release|Any CPU
		{E34B3C19-CADA-4868-8D0B-4B504E40787F}.Release|Any CPU.Build.0 = Release|Any CPU
		{CC219F1E-8A63-44F5-B6D2-FE193169151C}.Debug|Any CPU.ActiveCfg = Debug|Any CPU
		{CC219F1E-8A63-44F5-B6D2-FE193169151C}.Debug|Any CPU.Build.0 = Debug|Any CPU
		{CC219F1E-8A63-44F5-B6D2-FE193169151C}.Release|Any CPU.ActiveCfg = Release|Any CPU
		{CC219F1E-8A63-44F5-B6D2-FE193169151C}.Release|Any CPU.Build.0 = Release|Any CPU
		{327AB99B-60E5-46A2-97BE-3203C2780308}.Debug|Any CPU.ActiveCfg = Debug|Any CPU
		{327AB99B-60E5-46A2-97BE-3203C2780308}.Debug|Any CPU.Build.0 = Debug|Any CPU
		{327AB99B-60E5-46A2-97BE-3203C2780308}.Release|Any CPU.ActiveCfg = Release|Any CPU
		{327AB99B-60E5-46A2-97BE-3203C2780308}.Release|Any CPU.Build.0 = Release|Any CPU
		{4D5D0C34-B4EA-4BE9-943B-11C501F9A072}.Debug|Any CPU.ActiveCfg = Debug|Any CPU
		{4D5D0C34-B4EA-4BE9-943B-11C501F9A072}.Debug|Any CPU.Build.0 = Debug|Any CPU
		{4D5D0C34-B4EA-4BE9-943B-11C501F9A072}.Release|Any CPU.ActiveCfg = Release|Any CPU
		{4D5D0C34-B4EA-4BE9-943B-11C501F9A072}.Release|Any CPU.Build.0 = Release|Any CPU
		{488D68EC-790B-4376-988A-8EAE29F15807}.Debug|Any CPU.ActiveCfg = Debug|Any CPU
		{488D68EC-790B-4376-988A-8EAE29F15807}.Debug|Any CPU.Build.0 = Debug|Any CPU
		{488D68EC-790B-4376-988A-8EAE29F15807}.Release|Any CPU.ActiveCfg = Release|Any CPU
		{488D68EC-790B-4376-988A-8EAE29F15807}.Release|Any CPU.Build.0 = Release|Any CPU
	EndGlobalSection
	GlobalSection(SolutionProperties) = preSolution
		HideSolutionNode = FALSE
	EndGlobalSection
	GlobalSection(NestedProjects) = preSolution
		{BA14A4EB-CA9B-4A93-96A4-FD6ED58F2482} = {82DB0D27-5251-4C6F-92EE-48E5A22DAB9F}
		{4BFE060E-7BFA-4727-8DAA-92DAC718AD95} = {82DB0D27-5251-4C6F-92EE-48E5A22DAB9F}
		{CC219F1E-8A63-44F5-B6D2-FE193169151C} = {F6E7BDAA-9E64-4FB6-AC3C-7DB388D5C2DA}
		{327AB99B-60E5-46A2-97BE-3203C2780308} = {F6E7BDAA-9E64-4FB6-AC3C-7DB388D5C2DA}
		{4D5D0C34-B4EA-4BE9-943B-11C501F9A072} = {F6E7BDAA-9E64-4FB6-AC3C-7DB388D5C2DA}
	EndGlobalSection
EndGlobal
