
Microsoft Visual Studio Solution File, Format Version 12.00
Project("{FAE04EC0-301F-11D3-BF4B-00C04F79EFBC}") = "FlipSwitch", "FlipSwitch\FlipSwitch.csproj", "{7162EAB2-0AA2-4908-9E3E-9C4977C0202D}"
EndProject
Project("{FAE04EC0-301F-11D3-BF4B-00C04F79EFBC}") = "FlipSwitch.Web", "FlipSwitch.Web\FlipSwitch.Web.csproj", "{0C63EE1F-B693-4713-8F61-52F3D3B80745}"
EndProject
Project("{FAE04EC0-301F-11D3-BF4B-00C04F79EFBC}") = "FlipSwitch.Common", "FlipSwitch.Common\FlipSwitch.Common.csproj", "{8831267D-0C7B-4E7A-AB02-2AD2B96F56F0}"
EndProject
Project("{2150E333-8FDC-42A3-9474-1A3956D46DE8}") = "Files", "Files", "{8D645990-AC0F-4BFB-85A5-FB5265BD51D0}"
EndProject
Project("{2150E333-8FDC-42A3-9474-1A3956D46DE8}") = "Samples", "Samples", "{82DB0D27-5251-4C6F-92EE-48E5A22DAB9F}"
EndProject
Project("{FAE04EC0-301F-11D3-BF4B-00C04F79EFBC}") = "SimpleConsole", "samples\SimpleConsole\SimpleConsole.csproj", "{BA14A4EB-CA9B-4A93-96A4-FD6ED58F2482}"
EndProject
Project("{FAE04EC0-301F-11D3-BF4B-00C04F79EFBC}") = "SimpleWebApplication", "samples\SimpleWebApplication\SimpleWebApplication.csproj", "{4BFE060E-7BFA-4727-8DAA-92DAC718AD95}"
EndProject
Global
	GlobalSection(SolutionConfigurationPlatforms) = preSolution
		Debug|Any CPU = Debug|Any CPU
		Release|Any CPU = Release|Any CPU
	EndGlobalSection
	GlobalSection(ProjectConfigurationPlatforms) = postSolution
		{7162EAB2-0AA2-4908-9E3E-9C4977C0202D}.Debug|Any CPU.ActiveCfg = Debug|Any CPU
		{7162EAB2-0AA2-4908-9E3E-9C4977C0202D}.Debug|Any CPU.Build.0 = Debug|Any CPU
		{7162EAB2-0AA2-4908-9E3E-9C4977C0202D}.Release|Any CPU.ActiveCfg = Release|Any CPU
		{7162EAB2-0AA2-4908-9E3E-9C4977C0202D}.Release|Any CPU.Build.0 = Release|Any CPU
		{0C63EE1F-B693-4713-8F61-52F3D3B80745}.Debug|Any CPU.ActiveCfg = Debug|Any CPU
		{0C63EE1F-B693-4713-8F61-52F3D3B80745}.Debug|Any CPU.Build.0 = Debug|Any CPU
		{0C63EE1F-B693-4713-8F61-52F3D3B80745}.Release|Any CPU.ActiveCfg = Release|Any CPU
		{0C63EE1F-B693-4713-8F61-52F3D3B80745}.Release|Any CPU.Build.0 = Release|Any CPU
		{8831267D-0C7B-4E7A-AB02-2AD2B96F56F0}.Debug|Any CPU.ActiveCfg = Debug|Any CPU
		{8831267D-0C7B-4E7A-AB02-2AD2B96F56F0}.Debug|Any CPU.Build.0 = Debug|Any CPU
		{8831267D-0C7B-4E7A-AB02-2AD2B96F56F0}.Release|Any CPU.ActiveCfg = Release|Any CPU
		{8831267D-0C7B-4E7A-AB02-2AD2B96F56F0}.Release|Any CPU.Build.0 = Release|Any CPU
		{BA14A4EB-CA9B-4A93-96A4-FD6ED58F2482}.Debug|Any CPU.ActiveCfg = Debug|Any CPU
		{BA14A4EB-CA9B-4A93-96A4-FD6ED58F2482}.Debug|Any CPU.Build.0 = Debug|Any CPU
		{BA14A4EB-CA9B-4A93-96A4-FD6ED58F2482}.Release|Any CPU.ActiveCfg = Release|Any CPU
		{BA14A4EB-CA9B-4A93-96A4-FD6ED58F2482}.Release|Any CPU.Build.0 = Release|Any CPU
		{4BFE060E-7BFA-4727-8DAA-92DAC718AD95}.Debug|Any CPU.ActiveCfg = Debug|Any CPU
		{4BFE060E-7BFA-4727-8DAA-92DAC718AD95}.Debug|Any CPU.Build.0 = Debug|Any CPU
		{4BFE060E-7BFA-4727-8DAA-92DAC718AD95}.Release|Any CPU.ActiveCfg = Release|Any CPU
		{4BFE060E-7BFA-4727-8DAA-92DAC718AD95}.Release|Any CPU.Build.0 = Release|Any CPU
	EndGlobalSection
	GlobalSection(NestedProjects) = preSolution
		{BA14A4EB-CA9B-4A93-96A4-FD6ED58F2482} = {82DB0D27-5251-4C6F-92EE-48E5A22DAB9F}
		{4BFE060E-7BFA-4727-8DAA-92DAC718AD95} = {82DB0D27-5251-4C6F-92EE-48E5A22DAB9F}
	EndGlobalSection
EndGlobal
